// !$*UTF8*$!
{
	archiveVersion = 1;
	classes = {
	};
	objectVersion = 55;
	objects = {

/* Begin PBXBuildFile section */
		8401BE8C2865D1230024F2D6 /* GoogleService-Info.plist in Resources */ = {isa = PBXBuildFile; fileRef = 8401BE8B2865D1230024F2D6 /* GoogleService-Info.plist */; };
		8401BE902865D27E0024F2D6 /* FirebaseAuthManager.swift in Sources */ = {isa = PBXBuildFile; fileRef = 8401BE8F2865D27E0024F2D6 /* FirebaseAuthManager.swift */; };
		843B9E9E286AA6F200EE2CAB /* CustomCellTableViewCell.swift in Sources */ = {isa = PBXBuildFile; fileRef = 843B9E9D286AA6F200EE2CAB /* CustomCellTableViewCell.swift */; };
		843B9EA0286AAE3000EE2CAB /* ListOfUserViewController.swift in Sources */ = {isa = PBXBuildFile; fileRef = 843B9E9F286AAE3000EE2CAB /* ListOfUserViewController.swift */; };
		843B9EA2286AD0AA00EE2CAB /* FindFriendCustomTableViewCell.swift in Sources */ = {isa = PBXBuildFile; fileRef = 843B9EA1286AD0AA00EE2CAB /* FindFriendCustomTableViewCell.swift */; };
		843B9EA4286AD78600EE2CAB /* FindFreindsViewController.swift in Sources */ = {isa = PBXBuildFile; fileRef = 843B9EA3286AD78600EE2CAB /* FindFreindsViewController.swift */; };
		846917F62861E6F700F1D01A /* RegisterViewController.swift in Sources */ = {isa = PBXBuildFile; fileRef = 846917F52861E6F700F1D01A /* RegisterViewController.swift */; };
		846917F82861E8B300F1D01A /* PhoneNumeberAuth.swift in Sources */ = {isa = PBXBuildFile; fileRef = 846917F72861E8B300F1D01A /* PhoneNumeberAuth.swift */; };
		849D9AE92861F4E2004CADAF /* KeyboardHide.swift in Sources */ = {isa = PBXBuildFile; fileRef = 849D9AE82861F4E2004CADAF /* KeyboardHide.swift */; };
		849D9AED28620EAC004CADAF /* MessagesViewController.swift in Sources */ = {isa = PBXBuildFile; fileRef = 849D9AEC28620EAC004CADAF /* MessagesViewController.swift */; };
		84B9ADD928663032008EE2C3 /* ForgotPasswordViewController.swift in Sources */ = {isa = PBXBuildFile; fileRef = 84B9ADD828663032008EE2C3 /* ForgotPasswordViewController.swift */; };
		84B9ADDB28663B36008EE2C3 /* Validation.swift in Sources */ = {isa = PBXBuildFile; fileRef = 84B9ADDA28663B36008EE2C3 /* Validation.swift */; };
		84C3E25F2869527700B30883 /* userFirebase.swift in Sources */ = {isa = PBXBuildFile; fileRef = 84C3E25E2869527700B30883 /* userFirebase.swift */; };
		84C3E2612869528B00B30883 /* userService.swift in Sources */ = {isa = PBXBuildFile; fileRef = 84C3E2602869528B00B30883 /* userService.swift */; };
		84C3E263286952A900B30883 /* user.swift in Sources */ = {isa = PBXBuildFile; fileRef = 84C3E262286952A900B30883 /* user.swift */; };
		84C3E2652869555400B30883 /* ChatViewController.swift in Sources */ = {isa = PBXBuildFile; fileRef = 84C3E2642869555400B30883 /* ChatViewController.swift */; };
		84C3E2682869B6AF00B30883 /* MessageViewController.swift in Sources */ = {isa = PBXBuildFile; fileRef = 84C3E2672869B6AF00B30883 /* MessageViewController.swift */; };
		84C3E26A2869BAA000B30883 /* ProfileViewController.swift in Sources */ = {isa = PBXBuildFile; fileRef = 84C3E2692869BAA000B30883 /* ProfileViewController.swift */; };
		84C789932861DF7B00C442B1 /* AppDelegate.swift in Sources */ = {isa = PBXBuildFile; fileRef = 84C789922861DF7B00C442B1 /* AppDelegate.swift */; };
		84C789952861DF7B00C442B1 /* SceneDelegate.swift in Sources */ = {isa = PBXBuildFile; fileRef = 84C789942861DF7B00C442B1 /* SceneDelegate.swift */; };
		84C7899A2861DF7B00C442B1 /* Main.storyboard in Resources */ = {isa = PBXBuildFile; fileRef = 84C789982861DF7B00C442B1 /* Main.storyboard */; };
		84C7899F2861DF7D00C442B1 /* Assets.xcassets in Resources */ = {isa = PBXBuildFile; fileRef = 84C7899E2861DF7D00C442B1 /* Assets.xcassets */; };
		84C789A22861DF7D00C442B1 /* LaunchScreen.storyboard in Resources */ = {isa = PBXBuildFile; fileRef = 84C789A02861DF7D00C442B1 /* LaunchScreen.storyboard */; };
		84EF47F628634B3500F2412D /* LoginViewController.swift in Sources */ = {isa = PBXBuildFile; fileRef = 84EF47F528634B3500F2412D /* LoginViewController.swift */; };
		84EF47F8286351F300F2412D /* BUttonShadows.swift in Sources */ = {isa = PBXBuildFile; fileRef = 84EF47F7286351F300F2412D /* BUttonShadows.swift */; };
		C6D4D4CF2ADCB1EFC7A7A764 /* Pods_AapnaConnect.framework in Frameworks */ = {isa = PBXBuildFile; fileRef = B64D984730920ECBDA80BCB8 /* Pods_AapnaConnect.framework */; };
/* End PBXBuildFile section */

/* Begin PBXFileReference section */
		71F26CF0EC894D8C87CECF2F /* Pods-AapnaConnect.debug.xcconfig */ = {isa = PBXFileReference; includeInIndex = 1; lastKnownFileType = text.xcconfig; name = "Pods-AapnaConnect.debug.xcconfig"; path = "Target Support Files/Pods-AapnaConnect/Pods-AapnaConnect.debug.xcconfig"; sourceTree = "<group>"; };
		8401BE8B2865D1230024F2D6 /* GoogleService-Info.plist */ = {isa = PBXFileReference; lastKnownFileType = text.plist; path = "GoogleService-Info.plist"; sourceTree = SOURCE_ROOT; };
		8401BE8F2865D27E0024F2D6 /* FirebaseAuthManager.swift */ = {isa = PBXFileReference; lastKnownFileType = sourcecode.swift; path = FirebaseAuthManager.swift; sourceTree = "<group>"; };
		843B9E9D286AA6F200EE2CAB /* CustomCellTableViewCell.swift */ = {isa = PBXFileReference; lastKnownFileType = sourcecode.swift; path = CustomCellTableViewCell.swift; sourceTree = "<group>"; };
		843B9E9F286AAE3000EE2CAB /* ListOfUserViewController.swift */ = {isa = PBXFileReference; lastKnownFileType = sourcecode.swift; path = ListOfUserViewController.swift; sourceTree = "<group>"; };
		843B9EA1286AD0AA00EE2CAB /* FindFriendCustomTableViewCell.swift */ = {isa = PBXFileReference; lastKnownFileType = sourcecode.swift; path = FindFriendCustomTableViewCell.swift; sourceTree = "<group>"; };
		843B9EA3286AD78600EE2CAB /* FindFreindsViewController.swift */ = {isa = PBXFileReference; lastKnownFileType = sourcecode.swift; path = FindFreindsViewController.swift; sourceTree = "<group>"; };
		846917F52861E6F700F1D01A /* RegisterViewController.swift */ = {isa = PBXFileReference; lastKnownFileType = sourcecode.swift; path = RegisterViewController.swift; sourceTree = "<group>"; };
		846917F72861E8B300F1D01A /* PhoneNumeberAuth.swift */ = {isa = PBXFileReference; lastKnownFileType = sourcecode.swift; path = PhoneNumeberAuth.swift; sourceTree = "<group>"; };
		849D9AE82861F4E2004CADAF /* KeyboardHide.swift */ = {isa = PBXFileReference; lastKnownFileType = sourcecode.swift; path = KeyboardHide.swift; sourceTree = "<group>"; };
		849D9AEC28620EAC004CADAF /* MessagesViewController.swift */ = {isa = PBXFileReference; lastKnownFileType = sourcecode.swift; path = MessagesViewController.swift; sourceTree = "<group>"; };
		84B9ADD828663032008EE2C3 /* ForgotPasswordViewController.swift */ = {isa = PBXFileReference; lastKnownFileType = sourcecode.swift; path = ForgotPasswordViewController.swift; sourceTree = "<group>"; };
		84B9ADDA28663B36008EE2C3 /* Validation.swift */ = {isa = PBXFileReference; lastKnownFileType = sourcecode.swift; path = Validation.swift; sourceTree = "<group>"; };
		84C3E25E2869527700B30883 /* userFirebase.swift */ = {isa = PBXFileReference; lastKnownFileType = sourcecode.swift; path = userFirebase.swift; sourceTree = "<group>"; };
		84C3E2602869528B00B30883 /* userService.swift */ = {isa = PBXFileReference; lastKnownFileType = sourcecode.swift; path = userService.swift; sourceTree = "<group>"; };
		84C3E262286952A900B30883 /* user.swift */ = {isa = PBXFileReference; lastKnownFileType = sourcecode.swift; path = user.swift; sourceTree = "<group>"; };
		84C3E2642869555400B30883 /* ChatViewController.swift */ = {isa = PBXFileReference; lastKnownFileType = sourcecode.swift; path = ChatViewController.swift; sourceTree = "<group>"; };
		84C3E2672869B6AF00B30883 /* MessageViewController.swift */ = {isa = PBXFileReference; lastKnownFileType = sourcecode.swift; path = MessageViewController.swift; sourceTree = "<group>"; };
		84C3E2692869BAA000B30883 /* ProfileViewController.swift */ = {isa = PBXFileReference; lastKnownFileType = sourcecode.swift; path = ProfileViewController.swift; sourceTree = "<group>"; };
		84C7898F2861DF7B00C442B1 /* AapnaConnect.app */ = {isa = PBXFileReference; explicitFileType = wrapper.application; includeInIndex = 0; path = AapnaConnect.app; sourceTree = BUILT_PRODUCTS_DIR; };
		84C789922861DF7B00C442B1 /* AppDelegate.swift */ = {isa = PBXFileReference; lastKnownFileType = sourcecode.swift; path = AppDelegate.swift; sourceTree = "<group>"; };
		84C789942861DF7B00C442B1 /* SceneDelegate.swift */ = {isa = PBXFileReference; lastKnownFileType = sourcecode.swift; path = SceneDelegate.swift; sourceTree = "<group>"; };
		84C789992861DF7B00C442B1 /* Base */ = {isa = PBXFileReference; lastKnownFileType = file.storyboard; name = Base; path = Base.lproj/Main.storyboard; sourceTree = "<group>"; };
		84C7899E2861DF7D00C442B1 /* Assets.xcassets */ = {isa = PBXFileReference; lastKnownFileType = folder.assetcatalog; path = Assets.xcassets; sourceTree = "<group>"; };
		84C789A12861DF7D00C442B1 /* Base */ = {isa = PBXFileReference; lastKnownFileType = file.storyboard; name = Base; path = Base.lproj/LaunchScreen.storyboard; sourceTree = "<group>"; };
		84C789A32861DF7D00C442B1 /* Info.plist */ = {isa = PBXFileReference; lastKnownFileType = text.plist.xml; path = Info.plist; sourceTree = "<group>"; };
		84EF47F528634B3500F2412D /* LoginViewController.swift */ = {isa = PBXFileReference; lastKnownFileType = sourcecode.swift; path = LoginViewController.swift; sourceTree = "<group>"; };
		84EF47F7286351F300F2412D /* BUttonShadows.swift */ = {isa = PBXFileReference; lastKnownFileType = sourcecode.swift; path = BUttonShadows.swift; sourceTree = "<group>"; };
		B64D984730920ECBDA80BCB8 /* Pods_AapnaConnect.framework */ = {isa = PBXFileReference; explicitFileType = wrapper.framework; includeInIndex = 0; path = Pods_AapnaConnect.framework; sourceTree = BUILT_PRODUCTS_DIR; };
		BD633C9B768F640D8D1F4971 /* Pods-AapnaConnect.release.xcconfig */ = {isa = PBXFileReference; includeInIndex = 1; lastKnownFileType = text.xcconfig; name = "Pods-AapnaConnect.release.xcconfig"; path = "Target Support Files/Pods-AapnaConnect/Pods-AapnaConnect.release.xcconfig"; sourceTree = "<group>"; };
/* End PBXFileReference section */

/* Begin PBXFrameworksBuildPhase section */
		84C7898C2861DF7B00C442B1 /* Frameworks */ = {
			isa = PBXFrameworksBuildPhase;
			buildActionMask = 2147483647;
			files = (
				C6D4D4CF2ADCB1EFC7A7A764 /* Pods_AapnaConnect.framework in Frameworks */,
			);
			runOnlyForDeploymentPostprocessing = 0;
		};
/* End PBXFrameworksBuildPhase section */

/* Begin PBXGroup section */
		4FC7A2133A93912B0D146A84 /* Pods */ = {
			isa = PBXGroup;
			children = (
				71F26CF0EC894D8C87CECF2F /* Pods-AapnaConnect.debug.xcconfig */,
				BD633C9B768F640D8D1F4971 /* Pods-AapnaConnect.release.xcconfig */,
			);
			path = Pods;
			sourceTree = "<group>";
		};
		846917F32861E6CA00F1D01A /* Controllers */ = {
			isa = PBXGroup;
			children = (
				846917F52861E6F700F1D01A /* RegisterViewController.swift */,
				84EF47F528634B3500F2412D /* LoginViewController.swift */,
				84B9ADD828663032008EE2C3 /* ForgotPasswordViewController.swift */,
				849D9AEC28620EAC004CADAF /* MessagesViewController.swift */,
				84B9ADD528660B7D008EE2C3 /* Chat */,
			);
			path = Controllers;
			sourceTree = "<group>";
		};
		846917F42861E6D400F1D01A /* Authentications */ = {
			isa = PBXGroup;
			children = (
				846917F72861E8B300F1D01A /* PhoneNumeberAuth.swift */,
				8401BE8F2865D27E0024F2D6 /* FirebaseAuthManager.swift */,
			);
			path = Authentications;
			sourceTree = "<group>";
		};
		849D9AE72861F4C4004CADAF /* Extensions */ = {
			isa = PBXGroup;
			children = (
				849D9AE82861F4E2004CADAF /* KeyboardHide.swift */,
				84EF47F7286351F300F2412D /* BUttonShadows.swift */,
				84B9ADDA28663B36008EE2C3 /* Validation.swift */,
			);
			path = Extensions;
			sourceTree = "<group>";
		};
		84B9ADD528660B7D008EE2C3 /* Chat */ = {
			isa = PBXGroup;
			children = (
				843B9E9D286AA6F200EE2CAB /* CustomCellTableViewCell.swift */,
				84C3E2642869555400B30883 /* ChatViewController.swift */,
				843B9EA1286AD0AA00EE2CAB /* FindFriendCustomTableViewCell.swift */,
				843B9EA3286AD78600EE2CAB /* FindFreindsViewController.swift */,
				843B9E9F286AAE3000EE2CAB /* ListOfUserViewController.swift */,
				84C3E2692869BAA000B30883 /* ProfileViewController.swift */,
				84C3E2672869B6AF00B30883 /* MessageViewController.swift */,
			);
			path = Chat;
			sourceTree = "<group>";
		};
		84C3E25B2869524200B30883 /* Users */ = {
			isa = PBXGroup;
			children = (
				84C3E262286952A900B30883 /* user.swift */,
				84C3E25E2869527700B30883 /* userFirebase.swift */,
				84C3E2602869528B00B30883 /* userService.swift */,
			);
			path = Users;
			sourceTree = "<group>";
		};
		84C789862861DF7B00C442B1 = {
			isa = PBXGroup;
			children = (
				84C789912861DF7B00C442B1 /* AapnaConnect */,
				84C789902861DF7B00C442B1 /* Products */,
				4FC7A2133A93912B0D146A84 /* Pods */,
				BF4A5972487FAB6CBBE9C71A /* Frameworks */,
			);
			sourceTree = "<group>";
		};
		84C789902861DF7B00C442B1 /* Products */ = {
			isa = PBXGroup;
			children = (
				84C7898F2861DF7B00C442B1 /* AapnaConnect.app */,
			);
			name = Products;
			sourceTree = "<group>";
		};
		84C789912861DF7B00C442B1 /* AapnaConnect */ = {
			isa = PBXGroup;
			children = (
				84C3E25B2869524200B30883 /* Users */,
				849D9AE72861F4C4004CADAF /* Extensions */,
				846917F42861E6D400F1D01A /* Authentications */,
				846917F32861E6CA00F1D01A /* Controllers */,
				84C789922861DF7B00C442B1 /* AppDelegate.swift */,
				84C789942861DF7B00C442B1 /* SceneDelegate.swift */,
				84C789982861DF7B00C442B1 /* Main.storyboard */,
				84C7899E2861DF7D00C442B1 /* Assets.xcassets */,
				84C789A02861DF7D00C442B1 /* LaunchScreen.storyboard */,
				84C789A32861DF7D00C442B1 /* Info.plist */,
				8401BE8B2865D1230024F2D6 /* GoogleService-Info.plist */,
			);
			path = AapnaConnect;
			sourceTree = "<group>";
		};
		BF4A5972487FAB6CBBE9C71A /* Frameworks */ = {
			isa = PBXGroup;
			children = (
				B64D984730920ECBDA80BCB8 /* Pods_AapnaConnect.framework */,
			);
			name = Frameworks;
			sourceTree = "<group>";
		};
/* End PBXGroup section */

/* Begin PBXNativeTarget section */
		84C7898E2861DF7B00C442B1 /* AapnaConnect */ = {
			isa = PBXNativeTarget;
			buildConfigurationList = 84C789A62861DF7D00C442B1 /* Build configuration list for PBXNativeTarget "AapnaConnect" */;
			buildPhases = (
				9EC675687DE97DFD220CF957 /* [CP] Check Pods Manifest.lock */,
				84C7898B2861DF7B00C442B1 /* Sources */,
				84C7898C2861DF7B00C442B1 /* Frameworks */,
				84C7898D2861DF7B00C442B1 /* Resources */,
				EC36423775E95018CADBD38B /* [CP] Embed Pods Frameworks */,
			);
			buildRules = (
			);
			dependencies = (
			);
			name = AapnaConnect;
			productName = AapnaConnect;
			productReference = 84C7898F2861DF7B00C442B1 /* AapnaConnect.app */;
			productType = "com.apple.product-type.application";
		};
/* End PBXNativeTarget section */

/* Begin PBXProject section */
		84C789872861DF7B00C442B1 /* Project object */ = {
			isa = PBXProject;
			attributes = {
				BuildIndependentTargetsInParallel = 1;
				LastSwiftUpdateCheck = 1340;
				LastUpgradeCheck = 1340;
				TargetAttributes = {
					84C7898E2861DF7B00C442B1 = {
						CreatedOnToolsVersion = 13.4.1;
					};
				};
			};
			buildConfigurationList = 84C7898A2861DF7B00C442B1 /* Build configuration list for PBXProject "AapnaConnect" */;
			compatibilityVersion = "Xcode 13.0";
			developmentRegion = en;
			hasScannedForEncodings = 0;
			knownRegions = (
				en,
				Base,
				de,
				ar,
				"zh-TW",
				es,
				ms,
				sv,
				hu,
				lt,
				ru,
				fr,
				pt,
				hi,
				zh,
			);
			mainGroup = 84C789862861DF7B00C442B1;
			productRefGroup = 84C789902861DF7B00C442B1 /* Products */;
			projectDirPath = "";
			projectRoot = "";
			targets = (
				84C7898E2861DF7B00C442B1 /* AapnaConnect */,
			);
		};
/* End PBXProject section */

/* Begin PBXResourcesBuildPhase section */
		84C7898D2861DF7B00C442B1 /* Resources */ = {
			isa = PBXResourcesBuildPhase;
			buildActionMask = 2147483647;
			files = (
				84C789A22861DF7D00C442B1 /* LaunchScreen.storyboard in Resources */,
				8401BE8C2865D1230024F2D6 /* GoogleService-Info.plist in Resources */,
				84C7899F2861DF7D00C442B1 /* Assets.xcassets in Resources */,
				84C7899A2861DF7B00C442B1 /* Main.storyboard in Resources */,
			);
			runOnlyForDeploymentPostprocessing = 0;
		};
/* End PBXResourcesBuildPhase section */

/* Begin PBXShellScriptBuildPhase section */
		9EC675687DE97DFD220CF957 /* [CP] Check Pods Manifest.lock */ = {
			isa = PBXShellScriptBuildPhase;
			buildActionMask = 2147483647;
			files = (
			);
			inputFileListPaths = (
			);
			inputPaths = (
				"${PODS_PODFILE_DIR_PATH}/Podfile.lock",
				"${PODS_ROOT}/Manifest.lock",
			);
			name = "[CP] Check Pods Manifest.lock";
			outputFileListPaths = (
			);
			outputPaths = (
				"$(DERIVED_FILE_DIR)/Pods-AapnaConnect-checkManifestLockResult.txt",
			);
			runOnlyForDeploymentPostprocessing = 0;
			shellPath = /bin/sh;
			shellScript = "diff \"${PODS_PODFILE_DIR_PATH}/Podfile.lock\" \"${PODS_ROOT}/Manifest.lock\" > /dev/null\nif [ $? != 0 ] ; then\n    # print error to STDERR\n    echo \"error: The sandbox is not in sync with the Podfile.lock. Run 'pod install' or update your CocoaPods installation.\" >&2\n    exit 1\nfi\n# This output is used by Xcode 'outputs' to avoid re-running this script phase.\necho \"SUCCESS\" > \"${SCRIPT_OUTPUT_FILE_0}\"\n";
			showEnvVarsInLog = 0;
		};
		EC36423775E95018CADBD38B /* [CP] Embed Pods Frameworks */ = {
			isa = PBXShellScriptBuildPhase;
			buildActionMask = 2147483647;
			files = (
			);
			inputFileListPaths = (
				"${PODS_ROOT}/Target Support Files/Pods-AapnaConnect/Pods-AapnaConnect-frameworks-${CONFIGURATION}-input-files.xcfilelist",
			);
			name = "[CP] Embed Pods Frameworks";
			outputFileListPaths = (
				"${PODS_ROOT}/Target Support Files/Pods-AapnaConnect/Pods-AapnaConnect-frameworks-${CONFIGURATION}-output-files.xcfilelist",
			);
			runOnlyForDeploymentPostprocessing = 0;
			shellPath = /bin/sh;
			shellScript = "\"${PODS_ROOT}/Target Support Files/Pods-AapnaConnect/Pods-AapnaConnect-frameworks.sh\"\n";
			showEnvVarsInLog = 0;
		};
/* End PBXShellScriptBuildPhase section */

/* Begin PBXSourcesBuildPhase section */
		84C7898B2861DF7B00C442B1 /* Sources */ = {
			isa = PBXSourcesBuildPhase;
			buildActionMask = 2147483647;
			files = (
				849D9AE92861F4E2004CADAF /* KeyboardHide.swift in Sources */,
				846917F62861E6F700F1D01A /* RegisterViewController.swift in Sources */,
				846917F82861E8B300F1D01A /* PhoneNumeberAuth.swift in Sources */,
				84C3E26A2869BAA000B30883 /* ProfileViewController.swift in Sources */,
				84C3E2682869B6AF00B30883 /* MessageViewController.swift in Sources */,
				843B9EA2286AD0AA00EE2CAB /* FindFriendCustomTableViewCell.swift in Sources */,
				84B9ADDB28663B36008EE2C3 /* Validation.swift in Sources */,
				843B9EA0286AAE3000EE2CAB /* ListOfUserViewController.swift in Sources */,
				84C3E263286952A900B30883 /* user.swift in Sources */,
				84C789932861DF7B00C442B1 /* AppDelegate.swift in Sources */,
				84C3E25F2869527700B30883 /* userFirebase.swift in Sources */,
				84EF47F628634B3500F2412D /* LoginViewController.swift in Sources */,
				84C3E2612869528B00B30883 /* userService.swift in Sources */,
				84C3E2652869555400B30883 /* ChatViewController.swift in Sources */,
				84B9ADD928663032008EE2C3 /* ForgotPasswordViewController.swift in Sources */,
				843B9E9E286AA6F200EE2CAB /* CustomCellTableViewCell.swift in Sources */,
				849D9AED28620EAC004CADAF /* MessagesViewController.swift in Sources */,
				84EF47F8286351F300F2412D /* BUttonShadows.swift in Sources */,
				8401BE902865D27E0024F2D6 /* FirebaseAuthManager.swift in Sources */,
				843B9EA4286AD78600EE2CAB /* FindFreindsViewController.swift in Sources */,
				84C789952861DF7B00C442B1 /* SceneDelegate.swift in Sources */,
			);
			runOnlyForDeploymentPostprocessing = 0;
		};
/* End PBXSourcesBuildPhase section */

/* Begin PBXVariantGroup section */
		84C789982861DF7B00C442B1 /* Main.storyboard */ = {
			isa = PBXVariantGroup;
			children = (
				84C789992861DF7B00C442B1 /* Base */,
			);
			name = Main.storyboard;
			sourceTree = "<group>";
		};
		84C789A02861DF7D00C442B1 /* LaunchScreen.storyboard */ = {
			isa = PBXVariantGroup;
			children = (
				84C789A12861DF7D00C442B1 /* Base */,
			);
			name = LaunchScreen.storyboard;
			sourceTree = "<group>";
		};
/* End PBXVariantGroup section */

/* Begin XCBuildConfiguration section */
		84C789A42861DF7D00C442B1 /* Debug */ = {
			isa = XCBuildConfiguration;
			buildSettings = {
				ALWAYS_SEARCH_USER_PATHS = NO;
				CLANG_ANALYZER_NONNULL = YES;
				CLANG_ANALYZER_NUMBER_OBJECT_CONVERSION = YES_AGGRESSIVE;
				CLANG_CXX_LANGUAGE_STANDARD = "gnu++17";
				CLANG_ENABLE_MODULES = YES;
				CLANG_ENABLE_OBJC_ARC = YES;
				CLANG_ENABLE_OBJC_WEAK = YES;
				CLANG_WARN_BLOCK_CAPTURE_AUTORELEASING = YES;
				CLANG_WARN_BOOL_CONVERSION = YES;
				CLANG_WARN_COMMA = YES;
				CLANG_WARN_CONSTANT_CONVERSION = YES;
				CLANG_WARN_DEPRECATED_OBJC_IMPLEMENTATIONS = YES;
				CLANG_WARN_DIRECT_OBJC_ISA_USAGE = YES_ERROR;
				CLANG_WARN_DOCUMENTATION_COMMENTS = YES;
				CLANG_WARN_EMPTY_BODY = YES;
				CLANG_WARN_ENUM_CONVERSION = YES;
				CLANG_WARN_INFINITE_RECURSION = YES;
				CLANG_WARN_INT_CONVERSION = YES;
				CLANG_WARN_NON_LITERAL_NULL_CONVERSION = YES;
				CLANG_WARN_OBJC_IMPLICIT_RETAIN_SELF = YES;
				CLANG_WARN_OBJC_LITERAL_CONVERSION = YES;
				CLANG_WARN_OBJC_ROOT_CLASS = YES_ERROR;
				CLANG_WARN_QUOTED_INCLUDE_IN_FRAMEWORK_HEADER = YES;
				CLANG_WARN_RANGE_LOOP_ANALYSIS = YES;
				CLANG_WARN_STRICT_PROTOTYPES = YES;
				CLANG_WARN_SUSPICIOUS_MOVE = YES;
				CLANG_WARN_UNGUARDED_AVAILABILITY = YES_AGGRESSIVE;
				CLANG_WARN_UNREACHABLE_CODE = YES;
				CLANG_WARN__DUPLICATE_METHOD_MATCH = YES;
				COPY_PHASE_STRIP = NO;
				DEBUG_INFORMATION_FORMAT = dwarf;
				ENABLE_STRICT_OBJC_MSGSEND = YES;
				ENABLE_TESTABILITY = YES;
				GCC_C_LANGUAGE_STANDARD = gnu11;
				GCC_DYNAMIC_NO_PIC = NO;
				GCC_NO_COMMON_BLOCKS = YES;
				GCC_OPTIMIZATION_LEVEL = 0;
				GCC_PREPROCESSOR_DEFINITIONS = (
					"DEBUG=1",
					"$(inherited)",
				);
				GCC_WARN_64_TO_32_BIT_CONVERSION = YES;
				GCC_WARN_ABOUT_RETURN_TYPE = YES_ERROR;
				GCC_WARN_UNDECLARED_SELECTOR = YES;
				GCC_WARN_UNINITIALIZED_AUTOS = YES_AGGRESSIVE;
				GCC_WARN_UNUSED_FUNCTION = YES;
				GCC_WARN_UNUSED_VARIABLE = YES;
				IPHONEOS_DEPLOYMENT_TARGET = 15.5;
				MTL_ENABLE_DEBUG_INFO = INCLUDE_SOURCE;
				MTL_FAST_MATH = YES;
				ONLY_ACTIVE_ARCH = YES;
				SDKROOT = iphoneos;
				SWIFT_ACTIVE_COMPILATION_CONDITIONS = DEBUG;
				SWIFT_OPTIMIZATION_LEVEL = "-Onone";
			};
			name = Debug;
		};
		84C789A52861DF7D00C442B1 /* Release */ = {
			isa = XCBuildConfiguration;
			buildSettings = {
				ALWAYS_SEARCH_USER_PATHS = NO;
				CLANG_ANALYZER_NONNULL = YES;
				CLANG_ANALYZER_NUMBER_OBJECT_CONVERSION = YES_AGGRESSIVE;
				CLANG_CXX_LANGUAGE_STANDARD = "gnu++17";
				CLANG_ENABLE_MODULES = YES;
				CLANG_ENABLE_OBJC_ARC = YES;
				CLANG_ENABLE_OBJC_WEAK = YES;
				CLANG_WARN_BLOCK_CAPTURE_AUTORELEASING = YES;
				CLANG_WARN_BOOL_CONVERSION = YES;
				CLANG_WARN_COMMA = YES;
				CLANG_WARN_CONSTANT_CONVERSION = YES;
				CLANG_WARN_DEPRECATED_OBJC_IMPLEMENTATIONS = YES;
				CLANG_WARN_DIRECT_OBJC_ISA_USAGE = YES_ERROR;
				CLANG_WARN_DOCUMENTATION_COMMENTS = YES;
				CLANG_WARN_EMPTY_BODY = YES;
				CLANG_WARN_ENUM_CONVERSION = YES;
				CLANG_WARN_INFINITE_RECURSION = YES;
				CLANG_WARN_INT_CONVERSION = YES;
				CLANG_WARN_NON_LITERAL_NULL_CONVERSION = YES;
				CLANG_WARN_OBJC_IMPLICIT_RETAIN_SELF = YES;
				CLANG_WARN_OBJC_LITERAL_CONVERSION = YES;
				CLANG_WARN_OBJC_ROOT_CLASS = YES_ERROR;
				CLANG_WARN_QUOTED_INCLUDE_IN_FRAMEWORK_HEADER = YES;
				CLANG_WARN_RANGE_LOOP_ANALYSIS = YES;
				CLANG_WARN_STRICT_PROTOTYPES = YES;
				CLANG_WARN_SUSPICIOUS_MOVE = YES;
				CLANG_WARN_UNGUARDED_AVAILABILITY = YES_AGGRESSIVE;
				CLANG_WARN_UNREACHABLE_CODE = YES;
				CLANG_WARN__DUPLICATE_METHOD_MATCH = YES;
				COPY_PHASE_STRIP = NO;
				DEBUG_INFORMATION_FORMAT = "dwarf-with-dsym";
				ENABLE_NS_ASSERTIONS = NO;
				ENABLE_STRICT_OBJC_MSGSEND = YES;
				GCC_C_LANGUAGE_STANDARD = gnu11;
				GCC_NO_COMMON_BLOCKS = YES;
				GCC_WARN_64_TO_32_BIT_CONVERSION = YES;
				GCC_WARN_ABOUT_RETURN_TYPE = YES_ERROR;
				GCC_WARN_UNDECLARED_SELECTOR = YES;
				GCC_WARN_UNINITIALIZED_AUTOS = YES_AGGRESSIVE;
				GCC_WARN_UNUSED_FUNCTION = YES;
				GCC_WARN_UNUSED_VARIABLE = YES;
				IPHONEOS_DEPLOYMENT_TARGET = 15.5;
				MTL_ENABLE_DEBUG_INFO = NO;
				MTL_FAST_MATH = YES;
				SDKROOT = iphoneos;
				SWIFT_COMPILATION_MODE = wholemodule;
				SWIFT_OPTIMIZATION_LEVEL = "-O";
				VALIDATE_PRODUCT = YES;
			};
			name = Release;
		};
		84C789A72861DF7D00C442B1 /* Debug */ = {
			isa = XCBuildConfiguration;
			baseConfigurationReference = 71F26CF0EC894D8C87CECF2F /* Pods-AapnaConnect.debug.xcconfig */;
			buildSettings = {
				ASSETCATALOG_COMPILER_APPICON_NAME = AppIcon;
				ASSETCATALOG_COMPILER_GLOBAL_ACCENT_COLOR_NAME = AccentColor;
				CODE_SIGN_STYLE = Automatic;
				CURRENT_PROJECT_VERSION = 1;
				GENERATE_INFOPLIST_FILE = YES;
				INFOPLIST_FILE = AapnaConnect/Info.plist;
				INFOPLIST_KEY_NSCameraUsageDescription = "Need access so you may Video call or send photos.";
				INFOPLIST_KEY_NSLocationWhenInUseUsageDescription = "Need access so you may share your location.";
				INFOPLIST_KEY_NSMicrophoneUsageDescription = "Need access so you may Video/Call someone.";
				INFOPLIST_KEY_NSPhotoLibraryUsageDescription = "Need access so you may update your DP.";
				INFOPLIST_KEY_UIApplicationSupportsIndirectInputEvents = YES;
				INFOPLIST_KEY_UILaunchStoryboardName = LaunchScreen;
				INFOPLIST_KEY_UIMainStoryboardFile = Main;
				INFOPLIST_KEY_UISupportedInterfaceOrientations = UIInterfaceOrientationPortrait;
				INFOPLIST_KEY_UISupportedInterfaceOrientations_iPad = "UIInterfaceOrientationPortrait UIInterfaceOrientationPortraitUpsideDown UIInterfaceOrientationLandscapeLeft UIInterfaceOrientationLandscapeRight";
				INFOPLIST_KEY_UISupportedInterfaceOrientations_iPhone = "UIInterfaceOrientationPortrait UIInterfaceOrientationLandscapeLeft UIInterfaceOrientationLandscapeRight";
				LD_RUNPATH_SEARCH_PATHS = (
					"$(inherited)",
					"@executable_path/Frameworks",
				);
				MARKETING_VERSION = 1.0;
				PRODUCT_BUNDLE_IDENTIFIER = aapna.AapnaConnect;
				PRODUCT_NAME = "$(TARGET_NAME)";
				SWIFT_EMIT_LOC_STRINGS = YES;
				SWIFT_VERSION = 5.0;
				TARGETED_DEVICE_FAMILY = "1,2";
			};
			name = Debug;
		};
		84C789A82861DF7D00C442B1 /* Release */ = {
			isa = XCBuildConfiguration;
			baseConfigurationReference = BD633C9B768F640D8D1F4971 /* Pods-AapnaConnect.release.xcconfig */;
			buildSettings = {
				ASSETCATALOG_COMPILER_APPICON_NAME = AppIcon;
				ASSETCATALOG_COMPILER_GLOBAL_ACCENT_COLOR_NAME = AccentColor;
				CODE_SIGN_STYLE = Automatic;
				CURRENT_PROJECT_VERSION = 1;
				GENERATE_INFOPLIST_FILE = YES;
				INFOPLIST_FILE = AapnaConnect/Info.plist;
				INFOPLIST_KEY_NSCameraUsageDescription = "Need access so you may Video call or send photos.";
				INFOPLIST_KEY_NSLocationWhenInUseUsageDescription = "Need access so you may share your location.";
				INFOPLIST_KEY_NSMicrophoneUsageDescription = "Need access so you may Video/Call someone.";
				INFOPLIST_KEY_NSPhotoLibraryUsageDescription = "Need access so you may update your DP.";
				INFOPLIST_KEY_UIApplicationSupportsIndirectInputEvents = YES;
				INFOPLIST_KEY_UILaunchStoryboardName = LaunchScreen;
				INFOPLIST_KEY_UIMainStoryboardFile = Main;
				INFOPLIST_KEY_UISupportedInterfaceOrientations = UIInterfaceOrientationPortrait;
				INFOPLIST_KEY_UISupportedInterfaceOrientations_iPad = "UIInterfaceOrientationPortrait UIInterfaceOrientationPortraitUpsideDown UIInterfaceOrientationLandscapeLeft UIInterfaceOrientationLandscapeRight";
				INFOPLIST_KEY_UISupportedInterfaceOrientations_iPhone = "UIInterfaceOrientationPortrait UIInterfaceOrientationLandscapeLeft UIInterfaceOrientationLandscapeRight";
				LD_RUNPATH_SEARCH_PATHS = (
					"$(inherited)",
					"@executable_path/Frameworks",
				);
				MARKETING_VERSION = 1.0;
				ONLY_ACTIVE_ARCH = YES;
				PRODUCT_BUNDLE_IDENTIFIER = aapna.AapnaConnect;
				PRODUCT_NAME = "$(TARGET_NAME)";
				SWIFT_EMIT_LOC_STRINGS = YES;
				SWIFT_VERSION = 5.0;
				TARGETED_DEVICE_FAMILY = "1,2";
			};
			name = Release;
		};
/* End XCBuildConfiguration section */

/* Begin XCConfigurationList section */
		84C7898A2861DF7B00C442B1 /* Build configuration list for PBXProject "AapnaConnect" */ = {
			isa = XCConfigurationList;
			buildConfigurations = (
				84C789A42861DF7D00C442B1 /* Debug */,
				84C789A52861DF7D00C442B1 /* Release */,
			);
			defaultConfigurationIsVisible = 0;
			defaultConfigurationName = Release;
		};
		84C789A62861DF7D00C442B1 /* Build configuration list for PBXNativeTarget "AapnaConnect" */ = {
			isa = XCConfigurationList;
			buildConfigurations = (
				84C789A72861DF7D00C442B1 /* Debug */,
				84C789A82861DF7D00C442B1 /* Release */,
			);
			defaultConfigurationIsVisible = 0;
			defaultConfigurationName = Release;
		};
/* End XCConfigurationList section */
	};
	rootObject = 84C789872861DF7B00C442B1 /* Project object */;
}
